// !$*UTF8*$!
{
	archiveVersion = 1;
	classes = {
	};
	objectVersion = 46;
	objects = {

/* Begin PBXBuildFile section */
		EE1680FC136A5EA4005EFBC7 /* UIKit.framework in Frameworks */ = {isa = PBXBuildFile; fileRef = EE1680FB136A5EA4005EFBC7 /* UIKit.framework */; };
		EE1680FE136A5EA4005EFBC7 /* Foundation.framework in Frameworks */ = {isa = PBXBuildFile; fileRef = EE1680FD136A5EA4005EFBC7 /* Foundation.framework */; };
		EE168100136A5EA4005EFBC7 /* CoreGraphics.framework in Frameworks */ = {isa = PBXBuildFile; fileRef = EE1680FF136A5EA4005EFBC7 /* CoreGraphics.framework */; };
		EE168106136A5EA4005EFBC7 /* InfoPlist.strings in Resources */ = {isa = PBXBuildFile; fileRef = EE168104136A5EA4005EFBC7 /* InfoPlist.strings */; };
		EE168109136A5EA4005EFBC7 /* main.m in Sources */ = {isa = PBXBuildFile; fileRef = EE168108136A5EA4005EFBC7 /* main.m */; };
		EE16810C136A5EA4005EFBC7 /* LouisvillePinballAppDelegate.m in Sources */ = {isa = PBXBuildFile; fileRef = EE16810B136A5EA4005EFBC7 /* LouisvillePinballAppDelegate.m */; };
		EE16810F136A5EA4005EFBC7 /* MainWindow.xib in Resources */ = {isa = PBXBuildFile; fileRef = EE16810D136A5EA4005EFBC7 /* MainWindow.xib */; };
		EE168112136A5EA4005EFBC7 /* FirstViewController.m in Sources */ = {isa = PBXBuildFile; fileRef = EE168111136A5EA4005EFBC7 /* FirstViewController.m */; };
		EE168115136A5EA4005EFBC7 /* SecondViewController.m in Sources */ = {isa = PBXBuildFile; fileRef = EE168114136A5EA4005EFBC7 /* SecondViewController.m */; };
		EE168118136A5EA4005EFBC7 /* FirstView.xib in Resources */ = {isa = PBXBuildFile; fileRef = EE168116136A5EA4005EFBC7 /* FirstView.xib */; };
		EE16811B136A5EA4005EFBC7 /* SecondView.xib in Resources */ = {isa = PBXBuildFile; fileRef = EE168119136A5EA4005EFBC7 /* SecondView.xib */; };
/* End PBXBuildFile section */

/* Begin PBXFileReference section */
		EE1680F7136A5EA4005EFBC7 /* LouisvillePinball.app */ = {isa = PBXFileReference; explicitFileType = wrapper.application; includeInIndex = 0; path = LouisvillePinball.app; sourceTree = BUILT_PRODUCTS_DIR; };
		EE1680FB136A5EA4005EFBC7 /* UIKit.framework */ = {isa = PBXFileReference; lastKnownFileType = wrapper.framework; name = UIKit.framework; path = System/Library/Frameworks/UIKit.framework; sourceTree = SDKROOT; };
		EE1680FD136A5EA4005EFBC7 /* Foundation.framework */ = {isa = PBXFileReference; lastKnownFileType = wrapper.framework; name = Foundation.framework; path = System/Library/Frameworks/Foundation.framework; sourceTree = SDKROOT; };
		EE1680FF136A5EA4005EFBC7 /* CoreGraphics.framework */ = {isa = PBXFileReference; lastKnownFileType = wrapper.framework; name = CoreGraphics.framework; path = System/Library/Frameworks/CoreGraphics.framework; sourceTree = SDKROOT; };
		EE168103136A5EA4005EFBC7 /* LouisvillePinball-Info.plist */ = {isa = PBXFileReference; path = "LouisvillePinball-Info.plist"; sourceTree = "<group>"; };
		EE168105136A5EA4005EFBC7 /* en */ = {isa = PBXFileReference; lastKnownFileType = text.plist.strings; name = en; path = en.lproj/InfoPlist.strings; sourceTree = "<group>"; };
		EE168107136A5EA4005EFBC7 /* LouisvillePinball-Prefix.pch */ = {isa = PBXFileReference; path = "LouisvillePinball-Prefix.pch"; sourceTree = "<group>"; };
		EE168108136A5EA4005EFBC7 /* main.m */ = {isa = PBXFileReference; lastKnownFileType = sourcecode.c.objc; path = main.m; sourceTree = "<group>"; };
		EE16810A136A5EA4005EFBC7 /* LouisvillePinballAppDelegate.h */ = {isa = PBXFileReference; path = LouisvillePinballAppDelegate.h; sourceTree = "<group>"; };
		EE16810B136A5EA4005EFBC7 /* LouisvillePinballAppDelegate.m */ = {isa = PBXFileReference; lastKnownFileType = sourcecode.c.objc; path = LouisvillePinballAppDelegate.m; sourceTree = "<group>"; };
		EE16810E136A5EA4005EFBC7 /* en */ = {isa = PBXFileReference; lastKnownFileType = file.xib; name = en; path = en.lproj/MainWindow.xib; sourceTree = "<group>"; };
		EE168110136A5EA4005EFBC7 /* FirstViewController.h */ = {isa = PBXFileReference; path = FirstViewController.h; sourceTree = "<group>"; };
		EE168111136A5EA4005EFBC7 /* FirstViewController.m */ = {isa = PBXFileReference; lastKnownFileType = sourcecode.c.objc; path = FirstViewController.m; sourceTree = "<group>"; };
		EE168113136A5EA4005EFBC7 /* SecondViewController.h */ = {isa = PBXFileReference; path = SecondViewController.h; sourceTree = "<group>"; };
		EE168114136A5EA4005EFBC7 /* SecondViewController.m */ = {isa = PBXFileReference; lastKnownFileType = sourcecode.c.objc; path = SecondViewController.m; sourceTree = "<group>"; };
		EE168117136A5EA4005EFBC7 /* en */ = {isa = PBXFileReference; lastKnownFileType = file.xib; name = en; path = en.lproj/FirstView.xib; sourceTree = "<group>"; };
		EE16811A136A5EA4005EFBC7 /* en */ = {isa = PBXFileReference; lastKnownFileType = file.xib; name = en; path = en.lproj/SecondView.xib; sourceTree = "<group>"; };
/* End PBXFileReference section */

/* Begin PBXFrameworksBuildPhase section */
		EE1680F4136A5EA4005EFBC7 /* Frameworks */ = {
			isa = PBXFrameworksBuildPhase;
			buildActionMask = 2147483647;
			files = (
				EE1680FC136A5EA4005EFBC7 /* UIKit.framework in Frameworks */,
				EE1680FE136A5EA4005EFBC7 /* Foundation.framework in Frameworks */,
				EE168100136A5EA4005EFBC7 /* CoreGraphics.framework in Frameworks */,
			);
			runOnlyForDeploymentPostprocessing = 0;
		};
/* End PBXFrameworksBuildPhase section */

/* Begin PBXGroup section */
		EE1680EC136A5EA4005EFBC7 = {
			isa = PBXGroup;
			children = (
				EE168101136A5EA4005EFBC7 /* LouisvillePinball */,
				EE1680FA136A5EA4005EFBC7 /* Frameworks */,
				EE1680F8136A5EA4005EFBC7 /* Products */,
			);
			sourceTree = "<group>";
		};
		EE1680F8136A5EA4005EFBC7 /* Products */ = {
			isa = PBXGroup;
			children = (
				EE1680F7136A5EA4005EFBC7 /* LouisvillePinball.app */,
			);
			name = Products;
			sourceTree = "<group>";
		};
		EE1680FA136A5EA4005EFBC7 /* Frameworks */ = {
			isa = PBXGroup;
			children = (
				EE1680FB136A5EA4005EFBC7 /* UIKit.framework */,
				EE1680FD136A5EA4005EFBC7 /* Foundation.framework */,
				EE1680FF136A5EA4005EFBC7 /* CoreGraphics.framework */,
			);
			name = Frameworks;
			sourceTree = "<group>";
		};
		EE168101136A5EA4005EFBC7 /* LouisvillePinball */ = {
			isa = PBXGroup;
			children = (
				EE16810A136A5EA4005EFBC7 /* LouisvillePinballAppDelegate.h */,
				EE16810B136A5EA4005EFBC7 /* LouisvillePinballAppDelegate.m */,
				EE16810D136A5EA4005EFBC7 /* MainWindow.xib */,
				EE168110136A5EA4005EFBC7 /* FirstViewController.h */,
				EE168111136A5EA4005EFBC7 /* FirstViewController.m */,
				EE168113136A5EA4005EFBC7 /* SecondViewController.h */,
				EE168114136A5EA4005EFBC7 /* SecondViewController.m */,
				EE168116136A5EA4005EFBC7 /* FirstView.xib */,
				EE168119136A5EA4005EFBC7 /* SecondView.xib */,
				EE168102136A5EA4005EFBC7 /* Supporting Files */,
			);
			path = LouisvillePinball;
			sourceTree = "<group>";
		};
		EE168102136A5EA4005EFBC7 /* Supporting Files */ = {
			isa = PBXGroup;
			children = (
				EE168103136A5EA4005EFBC7 /* LouisvillePinball-Info.plist */,
				EE168104136A5EA4005EFBC7 /* InfoPlist.strings */,
				EE168107136A5EA4005EFBC7 /* LouisvillePinball-Prefix.pch */,
				EE168108136A5EA4005EFBC7 /* main.m */,
			);
			name = "Supporting Files";
			sourceTree = "<group>";
		};
/* End PBXGroup section */

/* Begin PBXNativeTarget section */
		EE1680F6136A5EA4005EFBC7 /* LouisvillePinball */ = {
			isa = PBXNativeTarget;
			buildConfigurationList = EE16811E136A5EA4005EFBC7 /* Build configuration list for PBXNativeTarget "LouisvillePinball" */;
			buildPhases = (
				EE1680F3136A5EA4005EFBC7 /* Sources */,
				EE1680F4136A5EA4005EFBC7 /* Frameworks */,
				EE1680F5136A5EA4005EFBC7 /* Resources */,
			);
			buildRules = (
			);
			dependencies = (
			);
			name = LouisvillePinball;
			productName = LouisvillePinball;
			productReference = EE1680F7136A5EA4005EFBC7 /* LouisvillePinball.app */;
			productType = "com.apple.product-type.application";
		};
/* End PBXNativeTarget section */

/* Begin PBXProject section */
		EE1680EE136A5EA4005EFBC7 /* Project object */ = {
			isa = PBXProject;
			attributes = {
				ORGANIZATIONNAME = "AutoLean, Inc.";
			};
			buildConfigurationList = EE1680F1136A5EA4005EFBC7 /* Build configuration list for PBXProject "LouisvillePinball" */;
			compatibilityVersion = "Xcode 3.2";
			developmentRegion = English;
			hasScannedForEncodings = 0;
			knownRegions = (
				en,
			);
			mainGroup = EE1680EC136A5EA4005EFBC7;
			productRefGroup = EE1680F8136A5EA4005EFBC7 /* Products */;
			projectDirPath = "";
			projectRoot = "";
			targets = (
				EE1680F6136A5EA4005EFBC7 /* LouisvillePinball */,
			);
		};
/* End PBXProject section */

/* Begin PBXResourcesBuildPhase section */
		EE1680F5136A5EA4005EFBC7 /* Resources */ = {
			isa = PBXResourcesBuildPhase;
			buildActionMask = 2147483647;
			files = (
				EE168106136A5EA4005EFBC7 /* InfoPlist.strings in Resources */,
				EE16810F136A5EA4005EFBC7 /* MainWindow.xib in Resources */,
				EE168118136A5EA4005EFBC7 /* FirstView.xib in Resources */,
				EE16811B136A5EA4005EFBC7 /* SecondView.xib in Resources */,
			);
			runOnlyForDeploymentPostprocessing = 0;
		};
/* End PBXResourcesBuildPhase section */

/* Begin PBXSourcesBuildPhase section */
		EE1680F3136A5EA4005EFBC7 /* Sources */ = {
			isa = PBXSourcesBuildPhase;
			buildActionMask = 2147483647;
			files = (
				EE168109136A5EA4005EFBC7 /* main.m in Sources */,
				EE16810C136A5EA4005EFBC7 /* LouisvillePinballAppDelegate.m in Sources */,
				EE168112136A5EA4005EFBC7 /* FirstViewController.m in Sources */,
				EE168115136A5EA4005EFBC7 /* SecondViewController.m in Sources */,
			);
			runOnlyForDeploymentPostprocessing = 0;
		};
/* End PBXSourcesBuildPhase section */

/* Begin PBXVariantGroup section */
		EE168104136A5EA4005EFBC7 /* InfoPlist.strings */ = {
			isa = PBXVariantGroup;
			children = (
				EE168105136A5EA4005EFBC7 /* en */,
			);
			name = InfoPlist.strings;
			sourceTree = "<group>";
		};
		EE16810D136A5EA4005EFBC7 /* MainWindow.xib */ = {
			isa = PBXVariantGroup;
			children = (
				EE16810E136A5EA4005EFBC7 /* en */,
			);
			name = MainWindow.xib;
			sourceTree = "<group>";
		};
		EE168116136A5EA4005EFBC7 /* FirstView.xib */ = {
			isa = PBXVariantGroup;
			children = (
				EE168117136A5EA4005EFBC7 /* en */,
			);
			name = FirstView.xib;
			sourceTree = "<group>";
		};
		EE168119136A5EA4005EFBC7 /* SecondView.xib */ = {
			isa = PBXVariantGroup;
			children = (
				EE16811A136A5EA4005EFBC7 /* en */,
			);
			name = SecondView.xib;
			sourceTree = "<group>";
		};
/* End PBXVariantGroup section */

/* Begin XCBuildConfiguration section */
		EE16811C136A5EA4005EFBC7 /* Debug */ = {
			isa = XCBuildConfiguration;
			buildSettings = {
				ARCHS = "$(ARCHS_STANDARD_32_BIT)";
				"CODE_SIGN_IDENTITY[sdk=iphoneos*]" = "iPhone Developer";
				GCC_C_LANGUAGE_STANDARD = gnu99;
				GCC_OPTIMIZATION_LEVEL = 0;
				GCC_PREPROCESSOR_DEFINITIONS = DEBUG;
				GCC_SYMBOLS_PRIVATE_EXTERN = NO;
				GCC_VERSION = com.apple.compilers.llvmgcc42;
				GCC_WARN_ABOUT_RETURN_TYPE = YES;
				GCC_WARN_UNUSED_VARIABLE = YES;
				IPHONEOS_DEPLOYMENT_TARGET = 4.3;
				SDKROOT = iphoneos;
			};
			name = Debug;
		};
		EE16811D136A5EA4005EFBC7 /* Release */ = {
			isa = XCBuildConfiguration;
			buildSettings = {
				ARCHS = "$(ARCHS_STANDARD_32_BIT)";
				"CODE_SIGN_IDENTITY[sdk=iphoneos*]" = "iPhone Developer";
				GCC_C_LANGUAGE_STANDARD = gnu99;
				GCC_VERSION = com.apple.compilers.llvmgcc42;
				GCC_WARN_ABOUT_RETURN_TYPE = YES;
				GCC_WARN_UNUSED_VARIABLE = YES;
				IPHONEOS_DEPLOYMENT_TARGET = 4.3;
				OTHER_CFLAGS = "-DNS_BLOCK_ASSERTIONS=1";
				SDKROOT = iphoneos;
			};
			name = Release;
		};
		EE16811F136A5EA4005EFBC7 /* Debug */ = {
			isa = XCBuildConfiguration;
			buildSettings = {
				ALWAYS_SEARCH_USER_PATHS = NO;
				COPY_PHASE_STRIP = NO;
				GCC_DYNAMIC_NO_PIC = NO;
				GCC_PRECOMPILE_PREFIX_HEADER = YES;
				GCC_PREFIX_HEADER = "LouisvillePinball/LouisvillePinball-Prefix.pch";
				INFOPLIST_FILE = "LouisvillePinball/LouisvillePinball-Info.plist";
				PRODUCT_NAME = "$(TARGET_NAME)";
				WRAPPER_EXTENSION = app;
			};
			name = Debug;
		};
		EE168120136A5EA4005EFBC7 /* Release */ = {
			isa = XCBuildConfiguration;
			buildSettings = {
				ALWAYS_SEARCH_USER_PATHS = NO;
				COPY_PHASE_STRIP = YES;
				GCC_PRECOMPILE_PREFIX_HEADER = YES;
				GCC_PREFIX_HEADER = "LouisvillePinball/LouisvillePinball-Prefix.pch";
				INFOPLIST_FILE = "LouisvillePinball/LouisvillePinball-Info.plist";
				PRODUCT_NAME = "$(TARGET_NAME)";
				VALIDATE_PRODUCT = YES;
				WRAPPER_EXTENSION = app;
			};
			name = Release;
		};
/* End XCBuildConfiguration section */

/* Begin XCConfigurationList section */
		EE1680F1136A5EA4005EFBC7 /* Build configuration list for PBXProject "LouisvillePinball" */ = {
			isa = XCConfigurationList;
			buildConfigurations = (
				EE16811C136A5EA4005EFBC7 /* Debug */,
				EE16811D136A5EA4005EFBC7 /* Release */,
			);
			defaultConfigurationIsVisible = 0;
			defaultConfigurationName = Release;
		};
		EE16811E136A5EA4005EFBC7 /* Build configuration list for PBXNativeTarget "LouisvillePinball" */ = {
			isa = XCConfigurationList;
			buildConfigurations = (
				EE16811F136A5EA4005EFBC7 /* Debug */,
				EE168120136A5EA4005EFBC7 /* Release */,
			);
			defaultConfigurationIsVisible = 0;
		};
/* End XCConfigurationList section */
	};
	rootObject = EE1680EE136A5EA4005EFBC7 /* Project object */;
}
